// !$*UTF8*$!
{
	archiveVersion = 1;
	classes = {
	};
	objectVersion = 46;
	objects = {

/* Begin PBXBuildFile section */
		D4EA4F1C164CA000001758CA /* UIKit.framework in Frameworks */ = {isa = PBXBuildFile; fileRef = D4EA4F1B164CA000001758CA /* UIKit.framework */; };
		D4EA4F1E164CA000001758CA /* Foundation.framework in Frameworks */ = {isa = PBXBuildFile; fileRef = D4EA4F1D164CA000001758CA /* Foundation.framework */; };
		D4EA4F20164CA000001758CA /* CoreGraphics.framework in Frameworks */ = {isa = PBXBuildFile; fileRef = D4EA4F1F164CA000001758CA /* CoreGraphics.framework */; };
		D4EA4F26164CA000001758CA /* InfoPlist.strings in Resources */ = {isa = PBXBuildFile; fileRef = D4EA4F24164CA000001758CA /* InfoPlist.strings */; };
		D4EA4F28164CA000001758CA /* main.m in Sources */ = {isa = PBXBuildFile; fileRef = D4EA4F27164CA000001758CA /* main.m */; };
		D4EA4F2C164CA000001758CA /* AppDelegate.m in Sources */ = {isa = PBXBuildFile; fileRef = D4EA4F2B164CA000001758CA /* AppDelegate.m */; };
		D4EA4F2E164CA000001758CA /* Default.png in Resources */ = {isa = PBXBuildFile; fileRef = D4EA4F2D164CA000001758CA /* Default.png */; };
		D4EA4F30164CA000001758CA /* Default@2x.png in Resources */ = {isa = PBXBuildFile; fileRef = D4EA4F2F164CA000001758CA /* Default@2x.png */; };
		D4EA4F32164CA000001758CA /* Default-568h@2x.png in Resources */ = {isa = PBXBuildFile; fileRef = D4EA4F31164CA000001758CA /* Default-568h@2x.png */; };
		D4EA4F35164CA000001758CA /* MainStoryboard.storyboard in Resources */ = {isa = PBXBuildFile; fileRef = D4EA4F33164CA000001758CA /* MainStoryboard.storyboard */; };
		D4EA4F38164CA000001758CA /* ViewController.m in Sources */ = {isa = PBXBuildFile; fileRef = D4EA4F37164CA000001758CA /* ViewController.m */; };
		D4EA4F40164CA000001758CA /* SenTestingKit.framework in Frameworks */ = {isa = PBXBuildFile; fileRef = D4EA4F3F164CA000001758CA /* SenTestingKit.framework */; };
		D4EA4F41164CA000001758CA /* UIKit.framework in Frameworks */ = {isa = PBXBuildFile; fileRef = D4EA4F1B164CA000001758CA /* UIKit.framework */; };
		D4EA4F42164CA000001758CA /* Foundation.framework in Frameworks */ = {isa = PBXBuildFile; fileRef = D4EA4F1D164CA000001758CA /* Foundation.framework */; };
		D4EA4F4A164CA000001758CA /* InfoPlist.strings in Resources */ = {isa = PBXBuildFile; fileRef = D4EA4F48164CA000001758CA /* InfoPlist.strings */; };
		D4EA4F4D164CA000001758CA /* HelloBeijingTests.m in Sources */ = {isa = PBXBuildFile; fileRef = D4EA4F4C164CA000001758CA /* HelloBeijingTests.m */; };
/* End PBXBuildFile section */

/* Begin PBXContainerItemProxy section */
		D4EA4F43164CA000001758CA /* PBXContainerItemProxy */ = {
			isa = PBXContainerItemProxy;
			containerPortal = D4EA4F0E164CA000001758CA /* Project object */;
			proxyType = 1;
			remoteGlobalIDString = D4EA4F16164CA000001758CA;
			remoteInfo = HelloBeijing;
		};
/* End PBXContainerItemProxy section */

/* Begin PBXFileReference section */
		D4EA4F17164CA000001758CA /* HelloBeijing.app */ = {isa = PBXFileReference; explicitFileType = wrapper.application; includeInIndex = 0; path = HelloBeijing.app; sourceTree = BUILT_PRODUCTS_DIR; };
		D4EA4F1B164CA000001758CA /* UIKit.framework */ = {isa = PBXFileReference; lastKnownFileType = wrapper.framework; name = UIKit.framework; path = System/Library/Frameworks/UIKit.framework; sourceTree = SDKROOT; };
		D4EA4F1D164CA000001758CA /* Foundation.framework */ = {isa = PBXFileReference; lastKnownFileType = wrapper.framework; name = Foundation.framework; path = System/Library/Frameworks/Foundation.framework; sourceTree = SDKROOT; };
		D4EA4F1F164CA000001758CA /* CoreGraphics.framework */ = {isa = PBXFileReference; lastKnownFileType = wrapper.framework; name = CoreGraphics.framework; path = System/Library/Frameworks/CoreGraphics.framework; sourceTree = SDKROOT; };
		D4EA4F23164CA000001758CA /* HelloBeijing-Info.plist */ = {isa = PBXFileReference; lastKnownFileType = text.plist.xml; path = "HelloBeijing-Info.plist"; sourceTree = "<group>"; };
		D4EA4F25164CA000001758CA /* en */ = {isa = PBXFileReference; lastKnownFileType = text.plist.strings; name = en; path = en.lproj/InfoPlist.strings; sourceTree = "<group>"; };
		D4EA4F27164CA000001758CA /* main.m */ = {isa = PBXFileReference; lastKnownFileType = sourcecode.c.objc; path = main.m; sourceTree = "<group>"; };
		D4EA4F29164CA000001758CA /* HelloBeijing-Prefix.pch */ = {isa = PBXFileReference; lastKnownFileType = sourcecode.c.h; path = "HelloBeijing-Prefix.pch"; sourceTree = "<group>"; };
		D4EA4F2A164CA000001758CA /* AppDelegate.h */ = {isa = PBXFileReference; lastKnownFileType = sourcecode.c.h; path = AppDelegate.h; sourceTree = "<group>"; };
		D4EA4F2B164CA000001758CA /* AppDelegate.m */ = {isa = PBXFileReference; lastKnownFileType = sourcecode.c.objc; path = AppDelegate.m; sourceTree = "<group>"; };
		D4EA4F2D164CA000001758CA /* Default.png */ = {isa = PBXFileReference; lastKnownFileType = image.png; path = Default.png; sourceTree = "<group>"; };
		D4EA4F2F164CA000001758CA /* Default@2x.png */ = {isa = PBXFileReference; lastKnownFileType = image.png; path = "Default@2x.png"; sourceTree = "<group>"; };
		D4EA4F31164CA000001758CA /* Default-568h@2x.png */ = {isa = PBXFileReference; lastKnownFileType = image.png; path = "Default-568h@2x.png"; sourceTree = "<group>"; };
		D4EA4F34164CA000001758CA /* en */ = {isa = PBXFileReference; lastKnownFileType = file.storyboard; name = en; path = en.lproj/MainStoryboard.storyboard; sourceTree = "<group>"; };
		D4EA4F36164CA000001758CA /* ViewController.h */ = {isa = PBXFileReference; lastKnownFileType = sourcecode.c.h; path = ViewController.h; sourceTree = "<group>"; };
		D4EA4F37164CA000001758CA /* ViewController.m */ = {isa = PBXFileReference; lastKnownFileType = sourcecode.c.objc; path = ViewController.m; sourceTree = "<group>"; };
		D4EA4F3E164CA000001758CA /* HelloBeijingTests.octest */ = {isa = PBXFileReference; explicitFileType = wrapper.cfbundle; includeInIndex = 0; path = HelloBeijingTests.octest; sourceTree = BUILT_PRODUCTS_DIR; };
		D4EA4F3F164CA000001758CA /* SenTestingKit.framework */ = {isa = PBXFileReference; lastKnownFileType = wrapper.framework; name = SenTestingKit.framework; path = Library/Frameworks/SenTestingKit.framework; sourceTree = DEVELOPER_DIR; };
		D4EA4F47164CA000001758CA /* HelloBeijingTests-Info.plist */ = {isa = PBXFileReference; lastKnownFileType = text.plist.xml; path = "HelloBeijingTests-Info.plist"; sourceTree = "<group>"; };
		D4EA4F49164CA000001758CA /* en */ = {isa = PBXFileReference; lastKnownFileType = text.plist.strings; name = en; path = en.lproj/InfoPlist.strings; sourceTree = "<group>"; };
		D4EA4F4B164CA000001758CA /* HelloBeijingTests.h */ = {isa = PBXFileReference; lastKnownFileType = sourcecode.c.h; path = HelloBeijingTests.h; sourceTree = "<group>"; };
		D4EA4F4C164CA000001758CA /* HelloBeijingTests.m */ = {isa = PBXFileReference; lastKnownFileType = sourcecode.c.objc; path = HelloBeijingTests.m; sourceTree = "<group>"; };
/* End PBXFileReference section */

/* Begin PBXFrameworksBuildPhase section */
		D4EA4F14164CA000001758CA /* Frameworks */ = {
			isa = PBXFrameworksBuildPhase;
			buildActionMask = 2147483647;
			files = (
				D4EA4F1C164CA000001758CA /* UIKit.framework in Frameworks */,
				D4EA4F1E164CA000001758CA /* Foundation.framework in Frameworks */,
				D4EA4F20164CA000001758CA /* CoreGraphics.framework in Frameworks */,
			);
			runOnlyForDeploymentPostprocessing = 0;
		};
		D4EA4F3A164CA000001758CA /* Frameworks */ = {
			isa = PBXFrameworksBuildPhase;
			buildActionMask = 2147483647;
			files = (
				D4EA4F40164CA000001758CA /* SenTestingKit.framework in Frameworks */,
				D4EA4F41164CA000001758CA /* UIKit.framework in Frameworks */,
				D4EA4F42164CA000001758CA /* Foundation.framework in Frameworks */,
			);
			runOnlyForDeploymentPostprocessing = 0;
		};
/* End PBXFrameworksBuildPhase section */

/* Begin PBXGroup section */
		D4EA4F0C164CA000001758CA = {
			isa = PBXGroup;
			children = (
				D4EA4F21164CA000001758CA /* HelloBeijing */,
				D4EA4F45164CA000001758CA /* HelloBeijingTests */,
				D4EA4F1A164CA000001758CA /* Frameworks */,
				D4EA4F18164CA000001758CA /* Products */,
			);
			sourceTree = "<group>";
		};
		D4EA4F18164CA000001758CA /* Products */ = {
			isa = PBXGroup;
			children = (
				D4EA4F17164CA000001758CA /* HelloBeijing.app */,
				D4EA4F3E164CA000001758CA /* HelloBeijingTests.octest */,
			);
			name = Products;
			sourceTree = "<group>";
		};
		D4EA4F1A164CA000001758CA /* Frameworks */ = {
			isa = PBXGroup;
			children = (
				D4EA4F1B164CA000001758CA /* UIKit.framework */,
				D4EA4F1D164CA000001758CA /* Foundation.framework */,
				D4EA4F1F164CA000001758CA /* CoreGraphics.framework */,
				D4EA4F3F164CA000001758CA /* SenTestingKit.framework */,
			);
			name = Frameworks;
			sourceTree = "<group>";
		};
		D4EA4F21164CA000001758CA /* HelloBeijing */ = {
			isa = PBXGroup;
			children = (
				D4EA4F2A164CA000001758CA /* AppDelegate.h */,
				D4EA4F2B164CA000001758CA /* AppDelegate.m */,
				D4EA4F33164CA000001758CA /* MainStoryboard.storyboard */,
				D4EA4F36164CA000001758CA /* ViewController.h */,
				D4EA4F37164CA000001758CA /* ViewController.m */,
				D4EA4F22164CA000001758CA /* Supporting Files */,
			);
			path = HelloBeijing;
			sourceTree = "<group>";
		};
		D4EA4F22164CA000001758CA /* Supporting Files */ = {
			isa = PBXGroup;
			children = (
				D4EA4F23164CA000001758CA /* HelloBeijing-Info.plist */,
				D4EA4F24164CA000001758CA /* InfoPlist.strings */,
				D4EA4F27164CA000001758CA /* main.m */,
				D4EA4F29164CA000001758CA /* HelloBeijing-Prefix.pch */,
				D4EA4F2D164CA000001758CA /* Default.png */,
				D4EA4F2F164CA000001758CA /* Default@2x.png */,
				D4EA4F31164CA000001758CA /* Default-568h@2x.png */,
			);
			name = "Supporting Files";
			sourceTree = "<group>";
		};
		D4EA4F45164CA000001758CA /* HelloBeijingTests */ = {
			isa = PBXGroup;
			children = (
				D4EA4F4B164CA000001758CA /* HelloBeijingTests.h */,
				D4EA4F4C164CA000001758CA /* HelloBeijingTests.m */,
				D4EA4F46164CA000001758CA /* Supporting Files */,
			);
			path = HelloBeijingTests;
			sourceTree = "<group>";
		};
		D4EA4F46164CA000001758CA /* Supporting Files */ = {
			isa = PBXGroup;
			children = (
				D4EA4F47164CA000001758CA /* HelloBeijingTests-Info.plist */,
				D4EA4F48164CA000001758CA /* InfoPlist.strings */,
			);
			name = "Supporting Files";
			sourceTree = "<group>";
		};
/* End PBXGroup section */

/* Begin PBXNativeTarget section */
		D4EA4F16164CA000001758CA /* HelloBeijing */ = {
			isa = PBXNativeTarget;
			buildConfigurationList = D4EA4F50164CA000001758CA /* Build configuration list for PBXNativeTarget "HelloBeijing" */;
			buildPhases = (
				D4EA4F13164CA000001758CA /* Sources */,
				D4EA4F14164CA000001758CA /* Frameworks */,
				D4EA4F15164CA000001758CA /* Resources */,
			);
			buildRules = (
			);
			dependencies = (
			);
			name = HelloBeijing;
			productName = HelloBeijing;
			productReference = D4EA4F17164CA000001758CA /* HelloBeijing.app */;
			productType = "com.apple.product-type.application";
		};
		D4EA4F3D164CA000001758CA /* HelloBeijingTests */ = {
			isa = PBXNativeTarget;
			buildConfigurationList = D4EA4F53164CA000001758CA /* Build configuration list for PBXNativeTarget "HelloBeijingTests" */;
			buildPhases = (
				D4EA4F39164CA000001758CA /* Sources */,
				D4EA4F3A164CA000001758CA /* Frameworks */,
				D4EA4F3B164CA000001758CA /* Resources */,
				D4EA4F3C164CA000001758CA /* ShellScript */,
			);
			buildRules = (
			);
			dependencies = (
				D4EA4F44164CA000001758CA /* PBXTargetDependency */,
			);
			name = HelloBeijingTests;
			productName = HelloBeijingTests;
			productReference = D4EA4F3E164CA000001758CA /* HelloBeijingTests.octest */;
			productType = "com.apple.product-type.bundle";
		};
/* End PBXNativeTarget section */

/* Begin PBXProject section */
		D4EA4F0E164CA000001758CA /* Project object */ = {
			isa = PBXProject;
			attributes = {
				LastUpgradeCheck = 0450;
				ORGANIZATIONNAME = skyler;
			};
			buildConfigurationList = D4EA4F11164CA000001758CA /* Build configuration list for PBXProject "HelloBeijing" */;
			compatibilityVersion = "Xcode 3.2";
			developmentRegion = English;
			hasScannedForEncodings = 0;
			knownRegions = (
				en,
			);
			mainGroup = D4EA4F0C164CA000001758CA;
			productRefGroup = D4EA4F18164CA000001758CA /* Products */;
			projectDirPath = "";
			projectRoot = "";
			targets = (
				D4EA4F16164CA000001758CA /* HelloBeijing */,
				D4EA4F3D164CA000001758CA /* HelloBeijingTests */,
			);
		};
/* End PBXProject section */

/* Begin PBXResourcesBuildPhase section */
		D4EA4F15164CA000001758CA /* Resources */ = {
			isa = PBXResourcesBuildPhase;
			buildActionMask = 2147483647;
			files = (
				D4EA4F26164CA000001758CA /* InfoPlist.strings in Resources */,
				D4EA4F2E164CA000001758CA /* Default.png in Resources */,
				D4EA4F30164CA000001758CA /* Default@2x.png in Resources */,
				D4EA4F32164CA000001758CA /* Default-568h@2x.png in Resources */,
				D4EA4F35164CA000001758CA /* MainStoryboard.storyboard in Resources */,
			);
			runOnlyForDeploymentPostprocessing = 0;
		};
		D4EA4F3B164CA000001758CA /* Resources */ = {
			isa = PBXResourcesBuildPhase;
			buildActionMask = 2147483647;
			files = (
				D4EA4F4A164CA000001758CA /* InfoPlist.strings in Resources */,
			);
			runOnlyForDeploymentPostprocessing = 0;
		};
/* End PBXResourcesBuildPhase section */

/* Begin PBXShellScriptBuildPhase section */
		D4EA4F3C164CA000001758CA /* ShellScript */ = {
			isa = PBXShellScriptBuildPhase;
			buildActionMask = 2147483647;
			files = (
			);
			inputPaths = (
			);
			outputPaths = (
			);
			runOnlyForDeploymentPostprocessing = 0;
			shellPath = /bin/sh;
			shellScript = "# Run the unit tests in this test bundle.\n\"${SYSTEM_DEVELOPER_DIR}/Tools/RunUnitTests\"\n";
		};
/* End PBXShellScriptBuildPhase section */

/* Begin PBXSourcesBuildPhase section */
		D4EA4F13164CA000001758CA /* Sources */ = {
			isa = PBXSourcesBuildPhase;
			buildActionMask = 2147483647;
			files = (
				D4EA4F28164CA000001758CA /* main.m in Sources */,
				D4EA4F2C164CA000001758CA /* AppDelegate.m in Sources */,
				D4EA4F38164CA000001758CA /* ViewController.m in Sources */,
			);
			runOnlyForDeploymentPostprocessing = 0;
		};
		D4EA4F39164CA000001758CA /* Sources */ = {
			isa = PBXSourcesBuildPhase;
			buildActionMask = 2147483647;
			files = (
				D4EA4F4D164CA000001758CA /* HelloBeijingTests.m in Sources */,
			);
			runOnlyForDeploymentPostprocessing = 0;
		};
/* End PBXSourcesBuildPhase section */

/* Begin PBXTargetDependency section */
		D4EA4F44164CA000001758CA /* PBXTargetDependency */ = {
			isa = PBXTargetDependency;
			target = D4EA4F16164CA000001758CA /* HelloBeijing */;
			targetProxy = D4EA4F43164CA000001758CA /* PBXContainerItemProxy */;
		};
/* End PBXTargetDependency section */

/* Begin PBXVariantGroup section */
		D4EA4F24164CA000001758CA /* InfoPlist.strings */ = {
			isa = PBXVariantGroup;
			children = (
				D4EA4F25164CA000001758CA /* en */,
			);
			name = InfoPlist.strings;
			sourceTree = "<group>";
		};
		D4EA4F33164CA000001758CA /* MainStoryboard.storyboard */ = {
			isa = PBXVariantGroup;
			children = (
				D4EA4F34164CA000001758CA /* en */,
			);
			name = MainStoryboard.storyboard;
			sourceTree = "<group>";
		};
		D4EA4F48164CA000001758CA /* InfoPlist.strings */ = {
			isa = PBXVariantGroup;
			children = (
				D4EA4F49164CA000001758CA /* en */,
			);
			name = InfoPlist.strings;
			sourceTree = "<group>";
		};
/* End PBXVariantGroup section */

/* Begin XCBuildConfiguration section */
		D4EA4F4E164CA000001758CA /* Debug */ = {
			isa = XCBuildConfiguration;
			buildSettings = {
				ALWAYS_SEARCH_USER_PATHS = NO;
				CLANG_CXX_LANGUAGE_STANDARD = "gnu++0x";
				CLANG_CXX_LIBRARY = "libc++";
				CLANG_WARN_EMPTY_BODY = YES;
				CLANG_WARN__DUPLICATE_METHOD_MATCH = YES;
				"CODE_SIGN_IDENTITY[sdk=iphoneos*]" = "iPhone Developer";
				COPY_PHASE_STRIP = NO;
				GCC_C_LANGUAGE_STANDARD = gnu99;
				GCC_DYNAMIC_NO_PIC = NO;
				GCC_OPTIMIZATION_LEVEL = 0;
				GCC_PREPROCESSOR_DEFINITIONS = (
					"DEBUG=1",
					"$(inherited)",
				);
				GCC_SYMBOLS_PRIVATE_EXTERN = NO;
				GCC_WARN_ABOUT_RETURN_TYPE = YES;
				GCC_WARN_UNINITIALIZED_AUTOS = YES;
				GCC_WARN_UNUSED_VARIABLE = YES;
				IPHONEOS_DEPLOYMENT_TARGET = 6.0;
				ONLY_ACTIVE_ARCH = YES;
				SDKROOT = iphoneos;
			};
			name = Debug;
		};
		D4EA4F4F164CA000001758CA /* Release */ = {
			isa = XCBuildConfiguration;
			buildSettings = {
				ALWAYS_SEARCH_USER_PATHS = NO;
				CLANG_CXX_LANGUAGE_STANDARD = "gnu++0x";
				CLANG_CXX_LIBRARY = "libc++";
				CLANG_WARN_EMPTY_BODY = YES;
				CLANG_WARN__DUPLICATE_METHOD_MATCH = YES;
				"CODE_SIGN_IDENTITY[sdk=iphoneos*]" = "iPhone Developer";
				COPY_PHASE_STRIP = YES;
				GCC_C_LANGUAGE_STANDARD = gnu99;
				GCC_WARN_ABOUT_RETURN_TYPE = YES;
				GCC_WARN_UNINITIALIZED_AUTOS = YES;
				GCC_WARN_UNUSED_VARIABLE = YES;
				IPHONEOS_DEPLOYMENT_TARGET = 6.0;
				OTHER_CFLAGS = "-DNS_BLOCK_ASSERTIONS=1";
				SDKROOT = iphoneos;
				VALIDATE_PRODUCT = YES;
			};
			name = Release;
		};
		D4EA4F51164CA000001758CA /* Debug */ = {
			isa = XCBuildConfiguration;
			buildSettings = {
				GCC_PRECOMPILE_PREFIX_HEADER = YES;
				GCC_PREFIX_HEADER = "HelloBeijing/HelloBeijing-Prefix.pch";
				INFOPLIST_FILE = "HelloBeijing/HelloBeijing-Info.plist";
				PRODUCT_NAME = "$(TARGET_NAME)";
				WRAPPER_EXTENSION = app;
			};
			name = Debug;
		};
		D4EA4F52164CA000001758CA /* Release */ = {
			isa = XCBuildConfiguration;
			buildSettings = {
				GCC_PRECOMPILE_PREFIX_HEADER = YES;
				GCC_PREFIX_HEADER = "HelloBeijing/HelloBeijing-Prefix.pch";
				INFOPLIST_FILE = "HelloBeijing/HelloBeijing-Info.plist";
				PRODUCT_NAME = "$(TARGET_NAME)";
				WRAPPER_EXTENSION = app;
			};
			name = Release;
		};
		D4EA4F54164CA000001758CA /* Debug */ = {
			isa = XCBuildConfiguration;
			buildSettings = {
				BUNDLE_LOADER = "$(BUILT_PRODUCTS_DIR)/HelloBeijing.app/HelloBeijing";
				FRAMEWORK_SEARCH_PATHS = (
					"\"$(SDKROOT)/Developer/Library/Frameworks\"",
					"\"$(DEVELOPER_LIBRARY_DIR)/Frameworks\"",
				);
				GCC_PRECOMPILE_PREFIX_HEADER = YES;
				GCC_PREFIX_HEADER = "HelloBeijing/HelloBeijing-Prefix.pch";
				INFOPLIST_FILE = "HelloBeijingTests/HelloBeijingTests-Info.plist";
				PRODUCT_NAME = "$(TARGET_NAME)";
				TEST_HOST = "$(BUNDLE_LOADER)";
				WRAPPER_EXTENSION = octest;
			};
			name = Debug;
		};
		D4EA4F55164CA000001758CA /* Release */ = {
			isa = XCBuildConfiguration;
			buildSettings = {
				BUNDLE_LOADER = "$(BUILT_PRODUCTS_DIR)/HelloBeijing.app/HelloBeijing";
				FRAMEWORK_SEARCH_PATHS = (
					"\"$(SDKROOT)/Developer/Library/Frameworks\"",
					"\"$(DEVELOPER_LIBRARY_DIR)/Frameworks\"",
				);
				GCC_PRECOMPILE_PREFIX_HEADER = YES;
				GCC_PREFIX_HEADER = "HelloBeijing/HelloBeijing-Prefix.pch";
				INFOPLIST_FILE = "HelloBeijingTests/HelloBeijingTests-Info.plist";
				PRODUCT_NAME = "$(TARGET_NAME)";
				TEST_HOST = "$(BUNDLE_LOADER)";
				WRAPPER_EXTENSION = octest;
			};
			name = Release;
		};
/* End XCBuildConfiguration section */

/* Begin XCConfigurationList section */
		D4EA4F11164CA000001758CA /* Build configuration list for PBXProject "HelloBeijing" */ = {
			isa = XCConfigurationList;
			buildConfigurations = (
				D4EA4F4E164CA000001758CA /* Debug */,
				D4EA4F4F164CA000001758CA /* Release */,
			);
			defaultConfigurationIsVisible = 0;
			defaultConfigurationName = Release;
		};
		D4EA4F50164CA000001758CA /* Build configuration list for PBXNativeTarget "HelloBeijing" */ = {
			isa = XCConfigurationList;
			buildConfigurations = (
				D4EA4F51164CA000001758CA /* Debug */,
				D4EA4F52164CA000001758CA /* Release */,
			);
			defaultConfigurationIsVisible = 0;
		};
		D4EA4F53164CA000001758CA /* Build configuration list for PBXNativeTarget "HelloBeijingTests" */ = {
			isa = XCConfigurationList;
			buildConfigurations = (
				D4EA4F54164CA000001758CA /* Debug */,
				D4EA4F55164CA000001758CA /* Release */,
			);
			defaultConfigurationIsVisible = 0;
		};
/* End XCConfigurationList section */
	};
	rootObject = D4EA4F0E164CA000001758CA /* Project object */;
}
