// !$*UTF8*$!
{
	archiveVersion = 1;
	classes = {
	};
	objectVersion = 46;
	objects = {

/* Begin PBXBuildFile section */
		D43F73BF16805ADA00674240 /* UIKit.framework in Frameworks */ = {isa = PBXBuildFile; fileRef = D43F73BE16805ADA00674240 /* UIKit.framework */; };
		D43F73C116805ADA00674240 /* Foundation.framework in Frameworks */ = {isa = PBXBuildFile; fileRef = D43F73C016805ADA00674240 /* Foundation.framework */; };
		D43F73C316805ADA00674240 /* CoreGraphics.framework in Frameworks */ = {isa = PBXBuildFile; fileRef = D43F73C216805ADA00674240 /* CoreGraphics.framework */; };
		D43F73C916805ADA00674240 /* InfoPlist.strings in Resources */ = {isa = PBXBuildFile; fileRef = D43F73C716805ADA00674240 /* InfoPlist.strings */; };
		D43F73CB16805ADA00674240 /* main.m in Sources */ = {isa = PBXBuildFile; fileRef = D43F73CA16805ADA00674240 /* main.m */; };
		D43F73CF16805ADA00674240 /* AppDelegate.m in Sources */ = {isa = PBXBuildFile; fileRef = D43F73CE16805ADA00674240 /* AppDelegate.m */; };
		D43F73D116805ADA00674240 /* Default.png in Resources */ = {isa = PBXBuildFile; fileRef = D43F73D016805ADA00674240 /* Default.png */; };
		D43F73D316805ADA00674240 /* Default@2x.png in Resources */ = {isa = PBXBuildFile; fileRef = D43F73D216805ADA00674240 /* Default@2x.png */; };
		D43F73D516805ADA00674240 /* Default-568h@2x.png in Resources */ = {isa = PBXBuildFile; fileRef = D43F73D416805ADA00674240 /* Default-568h@2x.png */; };
		D43F73D816805ADA00674240 /* ViewController.m in Sources */ = {isa = PBXBuildFile; fileRef = D43F73D716805ADA00674240 /* ViewController.m */; };
		D43F73DB16805ADA00674240 /* ViewController.xib in Resources */ = {isa = PBXBuildFile; fileRef = D43F73D916805ADA00674240 /* ViewController.xib */; };
		D43F73E416805C2200674240 /* CityDataViewController.m in Sources */ = {isa = PBXBuildFile; fileRef = D43F73E216805C2200674240 /* CityDataViewController.m */; };
		D43F73E516805C2200674240 /* CityDataViewController.xib in Resources */ = {isa = PBXBuildFile; fileRef = D43F73E316805C2200674240 /* CityDataViewController.xib */; };
		D43F73E9168060BF00674240 /* MeiShiTianDi.m in Sources */ = {isa = PBXBuildFile; fileRef = D43F73E7168060BE00674240 /* MeiShiTianDi.m */; };
		D43F73EA168060BF00674240 /* MeiShiTianDi.xib in Resources */ = {isa = PBXBuildFile; fileRef = D43F73E8168060BE00674240 /* MeiShiTianDi.xib */; };
/* End PBXBuildFile section */

/* Begin PBXFileReference section */
		D43F73BA16805ADA00674240 /* Lvyou.app */ = {isa = PBXFileReference; explicitFileType = wrapper.application; includeInIndex = 0; path = Lvyou.app; sourceTree = BUILT_PRODUCTS_DIR; };
		D43F73BE16805ADA00674240 /* UIKit.framework */ = {isa = PBXFileReference; lastKnownFileType = wrapper.framework; name = UIKit.framework; path = System/Library/Frameworks/UIKit.framework; sourceTree = SDKROOT; };
		D43F73C016805ADA00674240 /* Foundation.framework */ = {isa = PBXFileReference; lastKnownFileType = wrapper.framework; name = Foundation.framework; path = System/Library/Frameworks/Foundation.framework; sourceTree = SDKROOT; };
		D43F73C216805ADA00674240 /* CoreGraphics.framework */ = {isa = PBXFileReference; lastKnownFileType = wrapper.framework; name = CoreGraphics.framework; path = System/Library/Frameworks/CoreGraphics.framework; sourceTree = SDKROOT; };
		D43F73C616805ADA00674240 /* Lvyou-Info.plist */ = {isa = PBXFileReference; lastKnownFileType = text.plist.xml; path = "Lvyou-Info.plist"; sourceTree = "<group>"; };
		D43F73C816805ADA00674240 /* en */ = {isa = PBXFileReference; lastKnownFileType = text.plist.strings; name = en; path = en.lproj/InfoPlist.strings; sourceTree = "<group>"; };
		D43F73CA16805ADA00674240 /* main.m */ = {isa = PBXFileReference; lastKnownFileType = sourcecode.c.objc; path = main.m; sourceTree = "<group>"; };
		D43F73CC16805ADA00674240 /* Lvyou-Prefix.pch */ = {isa = PBXFileReference; lastKnownFileType = sourcecode.c.h; path = "Lvyou-Prefix.pch"; sourceTree = "<group>"; };
		D43F73CD16805ADA00674240 /* AppDelegate.h */ = {isa = PBXFileReference; lastKnownFileType = sourcecode.c.h; path = AppDelegate.h; sourceTree = "<group>"; };
		D43F73CE16805ADA00674240 /* AppDelegate.m */ = {isa = PBXFileReference; lastKnownFileType = sourcecode.c.objc; path = AppDelegate.m; sourceTree = "<group>"; };
		D43F73D016805ADA00674240 /* Default.png */ = {isa = PBXFileReference; lastKnownFileType = image.png; path = Default.png; sourceTree = "<group>"; };
		D43F73D216805ADA00674240 /* Default@2x.png */ = {isa = PBXFileReference; lastKnownFileType = image.png; path = "Default@2x.png"; sourceTree = "<group>"; };
		D43F73D416805ADA00674240 /* Default-568h@2x.png */ = {isa = PBXFileReference; lastKnownFileType = image.png; path = "Default-568h@2x.png"; sourceTree = "<group>"; };
		D43F73D616805ADA00674240 /* ViewController.h */ = {isa = PBXFileReference; lastKnownFileType = sourcecode.c.h; path = ViewController.h; sourceTree = "<group>"; };
		D43F73D716805ADA00674240 /* ViewController.m */ = {isa = PBXFileReference; lastKnownFileType = sourcecode.c.objc; path = ViewController.m; sourceTree = "<group>"; };
		D43F73DA16805ADA00674240 /* en */ = {isa = PBXFileReference; lastKnownFileType = file.xib; name = en; path = en.lproj/ViewController.xib; sourceTree = "<group>"; };
		D43F73E116805C2200674240 /* CityDataViewController.h */ = {isa = PBXFileReference; fileEncoding = 4; lastKnownFileType = sourcecode.c.h; path = CityDataViewController.h; sourceTree = "<group>"; };
		D43F73E216805C2200674240 /* CityDataViewController.m */ = {isa = PBXFileReference; fileEncoding = 4; lastKnownFileType = sourcecode.c.objc; path = CityDataViewController.m; sourceTree = "<group>"; };
		D43F73E316805C2200674240 /* CityDataViewController.xib */ = {isa = PBXFileReference; fileEncoding = 4; lastKnownFileType = file.xib; path = CityDataViewController.xib; sourceTree = "<group>"; };
		D43F73E6168060BE00674240 /* MeiShiTianDi.h */ = {isa = PBXFileReference; fileEncoding = 4; lastKnownFileType = sourcecode.c.h; path = MeiShiTianDi.h; sourceTree = "<group>"; };
		D43F73E7168060BE00674240 /* MeiShiTianDi.m */ = {isa = PBXFileReference; fileEncoding = 4; lastKnownFileType = sourcecode.c.objc; path = MeiShiTianDi.m; sourceTree = "<group>"; };
		D43F73E8168060BE00674240 /* MeiShiTianDi.xib */ = {isa = PBXFileReference; fileEncoding = 4; lastKnownFileType = file.xib; path = MeiShiTianDi.xib; sourceTree = "<group>"; };
/* End PBXFileReference section */

/* Begin PBXFrameworksBuildPhase section */
		D43F73B716805ADA00674240 /* Frameworks */ = {
			isa = PBXFrameworksBuildPhase;
			buildActionMask = 2147483647;
			files = (
				D43F73BF16805ADA00674240 /* UIKit.framework in Frameworks */,
				D43F73C116805ADA00674240 /* Foundation.framework in Frameworks */,
				D43F73C316805ADA00674240 /* CoreGraphics.framework in Frameworks */,
			);
			runOnlyForDeploymentPostprocessing = 0;
		};
/* End PBXFrameworksBuildPhase section */

/* Begin PBXGroup section */
		D43F73AF16805AD900674240 = {
			isa = PBXGroup;
			children = (
				D43F73C416805ADA00674240 /* Lvyou */,
				D43F73BD16805ADA00674240 /* Frameworks */,
				D43F73BB16805ADA00674240 /* Products */,
			);
			sourceTree = "<group>";
		};
		D43F73BB16805ADA00674240 /* Products */ = {
			isa = PBXGroup;
			children = (
				D43F73BA16805ADA00674240 /* Lvyou.app */,
			);
			name = Products;
			sourceTree = "<group>";
		};
		D43F73BD16805ADA00674240 /* Frameworks */ = {
			isa = PBXGroup;
			children = (
				D43F73BE16805ADA00674240 /* UIKit.framework */,
				D43F73C016805ADA00674240 /* Foundation.framework */,
				D43F73C216805ADA00674240 /* CoreGraphics.framework */,
			);
			name = Frameworks;
			sourceTree = "<group>";
		};
		D43F73C416805ADA00674240 /* Lvyou */ = {
			isa = PBXGroup;
			children = (
				D43F73CD16805ADA00674240 /* AppDelegate.h */,
				D43F73CE16805ADA00674240 /* AppDelegate.m */,
				D43F73D616805ADA00674240 /* ViewController.h */,
				D43F73D716805ADA00674240 /* ViewController.m */,
				D43F73D916805ADA00674240 /* ViewController.xib */,
				D43F73C516805ADA00674240 /* Supporting Files */,
				D43F73E116805C2200674240 /* CityDataViewController.h */,
				D43F73E216805C2200674240 /* CityDataViewController.m */,
				D43F73E316805C2200674240 /* CityDataViewController.xib */,
				D43F73E6168060BE00674240 /* MeiShiTianDi.h */,
				D43F73E7168060BE00674240 /* MeiShiTianDi.m */,
				D43F73E8168060BE00674240 /* MeiShiTianDi.xib */,
			);
			path = Lvyou;
			sourceTree = "<group>";
		};
		D43F73C516805ADA00674240 /* Supporting Files */ = {
			isa = PBXGroup;
			children = (
				D43F73C616805ADA00674240 /* Lvyou-Info.plist */,
				D43F73C716805ADA00674240 /* InfoPlist.strings */,
				D43F73CA16805ADA00674240 /* main.m */,
				D43F73CC16805ADA00674240 /* Lvyou-Prefix.pch */,
				D43F73D016805ADA00674240 /* Default.png */,
				D43F73D216805ADA00674240 /* Default@2x.png */,
				D43F73D416805ADA00674240 /* Default-568h@2x.png */,
			);
			name = "Supporting Files";
			sourceTree = "<group>";
		};
/* End PBXGroup section */

/* Begin PBXNativeTarget section */
		D43F73B916805ADA00674240 /* Lvyou */ = {
			isa = PBXNativeTarget;
			buildConfigurationList = D43F73DE16805ADA00674240 /* Build configuration list for PBXNativeTarget "Lvyou" */;
			buildPhases = (
				D43F73B616805ADA00674240 /* Sources */,
				D43F73B716805ADA00674240 /* Frameworks */,
				D43F73B816805ADA00674240 /* Resources */,
			);
			buildRules = (
			);
			dependencies = (
			);
			name = Lvyou;
			productName = Lvyou;
			productReference = D43F73BA16805ADA00674240 /* Lvyou.app */;
			productType = "com.apple.product-type.application";
		};
/* End PBXNativeTarget section */

/* Begin PBXProject section */
		D43F73B116805AD900674240 /* Project object */ = {
			isa = PBXProject;
			attributes = {
				LastUpgradeCheck = 0450;
				ORGANIZATIONNAME = skyler;
			};
			buildConfigurationList = D43F73B416805AD900674240 /* Build configuration list for PBXProject "Lvyou" */;
			compatibilityVersion = "Xcode 3.2";
			developmentRegion = English;
			hasScannedForEncodings = 0;
			knownRegions = (
				en,
			);
			mainGroup = D43F73AF16805AD900674240;
			productRefGroup = D43F73BB16805ADA00674240 /* Products */;
			projectDirPath = "";
			projectRoot = "";
			targets = (
				D43F73B916805ADA00674240 /* Lvyou */,
			);
		};
/* End PBXProject section */

/* Begin PBXResourcesBuildPhase section */
		D43F73B816805ADA00674240 /* Resources */ = {
			isa = PBXResourcesBuildPhase;
			buildActionMask = 2147483647;
			files = (
				D43F73C916805ADA00674240 /* InfoPlist.strings in Resources */,
				D43F73D116805ADA00674240 /* Default.png in Resources */,
				D43F73D316805ADA00674240 /* Default@2x.png in Resources */,
				D43F73D516805ADA00674240 /* Default-568h@2x.png in Resources */,
				D43F73DB16805ADA00674240 /* ViewController.xib in Resources */,
				D43F73E516805C2200674240 /* CityDataViewController.xib in Resources */,
				D43F73EA168060BF00674240 /* MeiShiTianDi.xib in Resources */,
			);
			runOnlyForDeploymentPostprocessing = 0;
		};
/* End PBXResourcesBuildPhase section */

/* Begin PBXSourcesBuildPhase section */
		D43F73B616805ADA00674240 /* Sources */ = {
			isa = PBXSourcesBuildPhase;
			buildActionMask = 2147483647;
			files = (
				D43F73CB16805ADA00674240 /* main.m in Sources */,
				D43F73CF16805ADA00674240 /* AppDelegate.m in Sources */,
				D43F73D816805ADA00674240 /* ViewController.m in Sources */,
				D43F73E416805C2200674240 /* CityDataViewController.m in Sources */,
				D43F73E9168060BF00674240 /* MeiShiTianDi.m in Sources */,
			);
			runOnlyForDeploymentPostprocessing = 0;
		};
/* End PBXSourcesBuildPhase section */

/* Begin PBXVariantGroup section */
		D43F73C716805ADA00674240 /* InfoPlist.strings */ = {
			isa = PBXVariantGroup;
			children = (
				D43F73C816805ADA00674240 /* en */,
			);
			name = InfoPlist.strings;
			sourceTree = "<group>";
		};
		D43F73D916805ADA00674240 /* ViewController.xib */ = {
			isa = PBXVariantGroup;
			children = (
				D43F73DA16805ADA00674240 /* en */,
			);
			name = ViewController.xib;
			sourceTree = "<group>";
		};
/* End PBXVariantGroup section */

/* Begin XCBuildConfiguration section */
		D43F73DC16805ADA00674240 /* Debug */ = {
			isa = XCBuildConfiguration;
			buildSettings = {
				ALWAYS_SEARCH_USER_PATHS = NO;
				CLANG_CXX_LANGUAGE_STANDARD = "gnu++0x";
				CLANG_CXX_LIBRARY = "libc++";
				CLANG_WARN_EMPTY_BODY = YES;
				CLANG_WARN__DUPLICATE_METHOD_MATCH = YES;
				"CODE_SIGN_IDENTITY[sdk=iphoneos*]" = "iPhone Developer";
				COPY_PHASE_STRIP = NO;
				GCC_C_LANGUAGE_STANDARD = gnu99;
				GCC_DYNAMIC_NO_PIC = NO;
				GCC_OPTIMIZATION_LEVEL = 0;
				GCC_PREPROCESSOR_DEFINITIONS = (
					"DEBUG=1",
					"$(inherited)",
				);
				GCC_SYMBOLS_PRIVATE_EXTERN = NO;
				GCC_WARN_ABOUT_RETURN_TYPE = YES;
				GCC_WARN_UNINITIALIZED_AUTOS = YES;
				GCC_WARN_UNUSED_VARIABLE = YES;
				IPHONEOS_DEPLOYMENT_TARGET = 6.0;
				ONLY_ACTIVE_ARCH = YES;
				SDKROOT = iphoneos;
			};
			name = Debug;
		};
		D43F73DD16805ADA00674240 /* Release */ = {
			isa = XCBuildConfiguration;
			buildSettings = {
				ALWAYS_SEARCH_USER_PATHS = NO;
				CLANG_CXX_LANGUAGE_STANDARD = "gnu++0x";
				CLANG_CXX_LIBRARY = "libc++";
				CLANG_WARN_EMPTY_BODY = YES;
				CLANG_WARN__DUPLICATE_METHOD_MATCH = YES;
				"CODE_SIGN_IDENTITY[sdk=iphoneos*]" = "iPhone Developer";
				COPY_PHASE_STRIP = YES;
				GCC_C_LANGUAGE_STANDARD = gnu99;
				GCC_WARN_ABOUT_RETURN_TYPE = YES;
				GCC_WARN_UNINITIALIZED_AUTOS = YES;
				GCC_WARN_UNUSED_VARIABLE = YES;
				IPHONEOS_DEPLOYMENT_TARGET = 6.0;
				OTHER_CFLAGS = "-DNS_BLOCK_ASSERTIONS=1";
				SDKROOT = iphoneos;
				VALIDATE_PRODUCT = YES;
			};
			name = Release;
		};
		D43F73DF16805ADA00674240 /* Debug */ = {
			isa = XCBuildConfiguration;
			buildSettings = {
				GCC_PRECOMPILE_PREFIX_HEADER = YES;
				GCC_PREFIX_HEADER = "Lvyou/Lvyou-Prefix.pch";
				INFOPLIST_FILE = "Lvyou/Lvyou-Info.plist";
				PRODUCT_NAME = "$(TARGET_NAME)";
				WRAPPER_EXTENSION = app;
			};
			name = Debug;
		};
		D43F73E016805ADA00674240 /* Release */ = {
			isa = XCBuildConfiguration;
			buildSettings = {
				GCC_PRECOMPILE_PREFIX_HEADER = YES;
				GCC_PREFIX_HEADER = "Lvyou/Lvyou-Prefix.pch";
				INFOPLIST_FILE = "Lvyou/Lvyou-Info.plist";
				PRODUCT_NAME = "$(TARGET_NAME)";
				WRAPPER_EXTENSION = app;
			};
			name = Release;
		};
/* End XCBuildConfiguration section */

/* Begin XCConfigurationList section */
		D43F73B416805AD900674240 /* Build configuration list for PBXProject "Lvyou" */ = {
			isa = XCConfigurationList;
			buildConfigurations = (
				D43F73DC16805ADA00674240 /* Debug */,
				D43F73DD16805ADA00674240 /* Release */,
			);
			defaultConfigurationIsVisible = 0;
			defaultConfigurationName = Release;
		};
		D43F73DE16805ADA00674240 /* Build configuration list for PBXNativeTarget "Lvyou" */ = {
			isa = XCConfigurationList;
			buildConfigurations = (
				D43F73DF16805ADA00674240 /* Debug */,
				D43F73E016805ADA00674240 /* Release */,
			);
			defaultConfigurationIsVisible = 0;
		};
/* End XCConfigurationList section */
	};
	rootObject = D43F73B116805AD900674240 /* Project object */;
}
