// !$*UTF8*$!
{
	archiveVersion = 1;
	classes = {
	};
	objectVersion = 46;
	objects = {

/* Begin PBXBuildFile section */
		D49015B41659BC6B000BECBB /* UIKit.framework in Frameworks */ = {isa = PBXBuildFile; fileRef = D49015B31659BC6B000BECBB /* UIKit.framework */; };
		D49015B61659BC6B000BECBB /* Foundation.framework in Frameworks */ = {isa = PBXBuildFile; fileRef = D49015B51659BC6B000BECBB /* Foundation.framework */; };
		D49015B81659BC6B000BECBB /* CoreGraphics.framework in Frameworks */ = {isa = PBXBuildFile; fileRef = D49015B71659BC6B000BECBB /* CoreGraphics.framework */; };
		D49015BE1659BC6B000BECBB /* InfoPlist.strings in Resources */ = {isa = PBXBuildFile; fileRef = D49015BC1659BC6B000BECBB /* InfoPlist.strings */; };
		D49015C01659BC6B000BECBB /* main.m in Sources */ = {isa = PBXBuildFile; fileRef = D49015BF1659BC6B000BECBB /* main.m */; };
		D49015C41659BC6B000BECBB /* AppDelegate.m in Sources */ = {isa = PBXBuildFile; fileRef = D49015C31659BC6B000BECBB /* AppDelegate.m */; };
		D49015C61659BC6B000BECBB /* Default.png in Resources */ = {isa = PBXBuildFile; fileRef = D49015C51659BC6B000BECBB /* Default.png */; };
		D49015C81659BC6B000BECBB /* Default@2x.png in Resources */ = {isa = PBXBuildFile; fileRef = D49015C71659BC6B000BECBB /* Default@2x.png */; };
		D49015CA1659BC6B000BECBB /* Default-568h@2x.png in Resources */ = {isa = PBXBuildFile; fileRef = D49015C91659BC6B000BECBB /* Default-568h@2x.png */; };
		D49015CD1659BC6C000BECBB /* ViewController.m in Sources */ = {isa = PBXBuildFile; fileRef = D49015CC1659BC6C000BECBB /* ViewController.m */; };
		D49015D01659BC6C000BECBB /* ViewController.xib in Resources */ = {isa = PBXBuildFile; fileRef = D49015CE1659BC6C000BECBB /* ViewController.xib */; };
/* End PBXBuildFile section */

/* Begin PBXFileReference section */
		D49015AF1659BC6B000BECBB /* WebView.app */ = {isa = PBXFileReference; explicitFileType = wrapper.application; includeInIndex = 0; path = WebView.app; sourceTree = BUILT_PRODUCTS_DIR; };
		D49015B31659BC6B000BECBB /* UIKit.framework */ = {isa = PBXFileReference; lastKnownFileType = wrapper.framework; name = UIKit.framework; path = System/Library/Frameworks/UIKit.framework; sourceTree = SDKROOT; };
		D49015B51659BC6B000BECBB /* Foundation.framework */ = {isa = PBXFileReference; lastKnownFileType = wrapper.framework; name = Foundation.framework; path = System/Library/Frameworks/Foundation.framework; sourceTree = SDKROOT; };
		D49015B71659BC6B000BECBB /* CoreGraphics.framework */ = {isa = PBXFileReference; lastKnownFileType = wrapper.framework; name = CoreGraphics.framework; path = System/Library/Frameworks/CoreGraphics.framework; sourceTree = SDKROOT; };
		D49015BB1659BC6B000BECBB /* WebView-Info.plist */ = {isa = PBXFileReference; lastKnownFileType = text.plist.xml; path = "WebView-Info.plist"; sourceTree = "<group>"; };
		D49015BD1659BC6B000BECBB /* en */ = {isa = PBXFileReference; lastKnownFileType = text.plist.strings; name = en; path = en.lproj/InfoPlist.strings; sourceTree = "<group>"; };
		D49015BF1659BC6B000BECBB /* main.m */ = {isa = PBXFileReference; lastKnownFileType = sourcecode.c.objc; path = main.m; sourceTree = "<group>"; };
		D49015C11659BC6B000BECBB /* WebView-Prefix.pch */ = {isa = PBXFileReference; lastKnownFileType = sourcecode.c.h; path = "WebView-Prefix.pch"; sourceTree = "<group>"; };
		D49015C21659BC6B000BECBB /* AppDelegate.h */ = {isa = PBXFileReference; lastKnownFileType = sourcecode.c.h; path = AppDelegate.h; sourceTree = "<group>"; };
		D49015C31659BC6B000BECBB /* AppDelegate.m */ = {isa = PBXFileReference; lastKnownFileType = sourcecode.c.objc; path = AppDelegate.m; sourceTree = "<group>"; };
		D49015C51659BC6B000BECBB /* Default.png */ = {isa = PBXFileReference; lastKnownFileType = image.png; path = Default.png; sourceTree = "<group>"; };
		D49015C71659BC6B000BECBB /* Default@2x.png */ = {isa = PBXFileReference; lastKnownFileType = image.png; path = "Default@2x.png"; sourceTree = "<group>"; };
		D49015C91659BC6B000BECBB /* Default-568h@2x.png */ = {isa = PBXFileReference; lastKnownFileType = image.png; path = "Default-568h@2x.png"; sourceTree = "<group>"; };
		D49015CB1659BC6B000BECBB /* ViewController.h */ = {isa = PBXFileReference; lastKnownFileType = sourcecode.c.h; path = ViewController.h; sourceTree = "<group>"; };
		D49015CC1659BC6C000BECBB /* ViewController.m */ = {isa = PBXFileReference; lastKnownFileType = sourcecode.c.objc; path = ViewController.m; sourceTree = "<group>"; };
		D49015CF1659BC6C000BECBB /* en */ = {isa = PBXFileReference; lastKnownFileType = file.xib; name = en; path = en.lproj/ViewController.xib; sourceTree = "<group>"; };
/* End PBXFileReference section */

/* Begin PBXFrameworksBuildPhase section */
		D49015AC1659BC6B000BECBB /* Frameworks */ = {
			isa = PBXFrameworksBuildPhase;
			buildActionMask = 2147483647;
			files = (
				D49015B41659BC6B000BECBB /* UIKit.framework in Frameworks */,
				D49015B61659BC6B000BECBB /* Foundation.framework in Frameworks */,
				D49015B81659BC6B000BECBB /* CoreGraphics.framework in Frameworks */,
			);
			runOnlyForDeploymentPostprocessing = 0;
		};
/* End PBXFrameworksBuildPhase section */

/* Begin PBXGroup section */
		D49015A41659BC6B000BECBB = {
			isa = PBXGroup;
			children = (
				D49015B91659BC6B000BECBB /* WebView */,
				D49015B21659BC6B000BECBB /* Frameworks */,
				D49015B01659BC6B000BECBB /* Products */,
			);
			sourceTree = "<group>";
		};
		D49015B01659BC6B000BECBB /* Products */ = {
			isa = PBXGroup;
			children = (
				D49015AF1659BC6B000BECBB /* WebView.app */,
			);
			name = Products;
			sourceTree = "<group>";
		};
		D49015B21659BC6B000BECBB /* Frameworks */ = {
			isa = PBXGroup;
			children = (
				D49015B31659BC6B000BECBB /* UIKit.framework */,
				D49015B51659BC6B000BECBB /* Foundation.framework */,
				D49015B71659BC6B000BECBB /* CoreGraphics.framework */,
			);
			name = Frameworks;
			sourceTree = "<group>";
		};
		D49015B91659BC6B000BECBB /* WebView */ = {
			isa = PBXGroup;
			children = (
				D49015C21659BC6B000BECBB /* AppDelegate.h */,
				D49015C31659BC6B000BECBB /* AppDelegate.m */,
				D49015CB1659BC6B000BECBB /* ViewController.h */,
				D49015CC1659BC6C000BECBB /* ViewController.m */,
				D49015CE1659BC6C000BECBB /* ViewController.xib */,
				D49015BA1659BC6B000BECBB /* Supporting Files */,
			);
			path = WebView;
			sourceTree = "<group>";
		};
		D49015BA1659BC6B000BECBB /* Supporting Files */ = {
			isa = PBXGroup;
			children = (
				D49015BB1659BC6B000BECBB /* WebView-Info.plist */,
				D49015BC1659BC6B000BECBB /* InfoPlist.strings */,
				D49015BF1659BC6B000BECBB /* main.m */,
				D49015C11659BC6B000BECBB /* WebView-Prefix.pch */,
				D49015C51659BC6B000BECBB /* Default.png */,
				D49015C71659BC6B000BECBB /* Default@2x.png */,
				D49015C91659BC6B000BECBB /* Default-568h@2x.png */,
			);
			name = "Supporting Files";
			sourceTree = "<group>";
		};
/* End PBXGroup section */

/* Begin PBXNativeTarget section */
		D49015AE1659BC6B000BECBB /* WebView */ = {
			isa = PBXNativeTarget;
			buildConfigurationList = D49015D31659BC6C000BECBB /* Build configuration list for PBXNativeTarget "WebView" */;
			buildPhases = (
				D49015AB1659BC6B000BECBB /* Sources */,
				D49015AC1659BC6B000BECBB /* Frameworks */,
				D49015AD1659BC6B000BECBB /* Resources */,
			);
			buildRules = (
			);
			dependencies = (
			);
			name = WebView;
			productName = WebView;
			productReference = D49015AF1659BC6B000BECBB /* WebView.app */;
			productType = "com.apple.product-type.application";
		};
/* End PBXNativeTarget section */

/* Begin PBXProject section */
		D49015A61659BC6B000BECBB /* Project object */ = {
			isa = PBXProject;
			attributes = {
				LastUpgradeCheck = 0450;
				ORGANIZATIONNAME = skyler;
			};
			buildConfigurationList = D49015A91659BC6B000BECBB /* Build configuration list for PBXProject "WebView" */;
			compatibilityVersion = "Xcode 3.2";
			developmentRegion = English;
			hasScannedForEncodings = 0;
			knownRegions = (
				en,
			);
			mainGroup = D49015A41659BC6B000BECBB;
			productRefGroup = D49015B01659BC6B000BECBB /* Products */;
			projectDirPath = "";
			projectRoot = "";
			targets = (
				D49015AE1659BC6B000BECBB /* WebView */,
			);
		};
/* End PBXProject section */

/* Begin PBXResourcesBuildPhase section */
		D49015AD1659BC6B000BECBB /* Resources */ = {
			isa = PBXResourcesBuildPhase;
			buildActionMask = 2147483647;
			files = (
				D49015BE1659BC6B000BECBB /* InfoPlist.strings in Resources */,
				D49015C61659BC6B000BECBB /* Default.png in Resources */,
				D49015C81659BC6B000BECBB /* Default@2x.png in Resources */,
				D49015CA1659BC6B000BECBB /* Default-568h@2x.png in Resources */,
				D49015D01659BC6C000BECBB /* ViewController.xib in Resources */,
			);
			runOnlyForDeploymentPostprocessing = 0;
		};
/* End PBXResourcesBuildPhase section */

/* Begin PBXSourcesBuildPhase section */
		D49015AB1659BC6B000BECBB /* Sources */ = {
			isa = PBXSourcesBuildPhase;
			buildActionMask = 2147483647;
			files = (
				D49015C01659BC6B000BECBB /* main.m in Sources */,
				D49015C41659BC6B000BECBB /* AppDelegate.m in Sources */,
				D49015CD1659BC6C000BECBB /* ViewController.m in Sources */,
			);
			runOnlyForDeploymentPostprocessing = 0;
		};
/* End PBXSourcesBuildPhase section */

/* Begin PBXVariantGroup section */
		D49015BC1659BC6B000BECBB /* InfoPlist.strings */ = {
			isa = PBXVariantGroup;
			children = (
				D49015BD1659BC6B000BECBB /* en */,
			);
			name = InfoPlist.strings;
			sourceTree = "<group>";
		};
		D49015CE1659BC6C000BECBB /* ViewController.xib */ = {
			isa = PBXVariantGroup;
			children = (
				D49015CF1659BC6C000BECBB /* en */,
			);
			name = ViewController.xib;
			sourceTree = "<group>";
		};
/* End PBXVariantGroup section */

/* Begin XCBuildConfiguration section */
		D49015D11659BC6C000BECBB /* Debug */ = {
			isa = XCBuildConfiguration;
			buildSettings = {
				ALWAYS_SEARCH_USER_PATHS = NO;
				CLANG_CXX_LANGUAGE_STANDARD = "gnu++0x";
				CLANG_CXX_LIBRARY = "libc++";
				CLANG_WARN_EMPTY_BODY = YES;
				CLANG_WARN__DUPLICATE_METHOD_MATCH = YES;
				"CODE_SIGN_IDENTITY[sdk=iphoneos*]" = "iPhone Developer";
				COPY_PHASE_STRIP = NO;
				GCC_C_LANGUAGE_STANDARD = gnu99;
				GCC_DYNAMIC_NO_PIC = NO;
				GCC_OPTIMIZATION_LEVEL = 0;
				GCC_PREPROCESSOR_DEFINITIONS = (
					"DEBUG=1",
					"$(inherited)",
				);
				GCC_SYMBOLS_PRIVATE_EXTERN = NO;
				GCC_WARN_ABOUT_RETURN_TYPE = YES;
				GCC_WARN_UNINITIALIZED_AUTOS = YES;
				GCC_WARN_UNUSED_VARIABLE = YES;
				IPHONEOS_DEPLOYMENT_TARGET = 6.0;
				ONLY_ACTIVE_ARCH = YES;
				SDKROOT = iphoneos;
			};
			name = Debug;
		};
		D49015D21659BC6C000BECBB /* Release */ = {
			isa = XCBuildConfiguration;
			buildSettings = {
				ALWAYS_SEARCH_USER_PATHS = NO;
				CLANG_CXX_LANGUAGE_STANDARD = "gnu++0x";
				CLANG_CXX_LIBRARY = "libc++";
				CLANG_WARN_EMPTY_BODY = YES;
				CLANG_WARN__DUPLICATE_METHOD_MATCH = YES;
				"CODE_SIGN_IDENTITY[sdk=iphoneos*]" = "iPhone Developer";
				COPY_PHASE_STRIP = YES;
				GCC_C_LANGUAGE_STANDARD = gnu99;
				GCC_WARN_ABOUT_RETURN_TYPE = YES;
				GCC_WARN_UNINITIALIZED_AUTOS = YES;
				GCC_WARN_UNUSED_VARIABLE = YES;
				IPHONEOS_DEPLOYMENT_TARGET = 6.0;
				OTHER_CFLAGS = "-DNS_BLOCK_ASSERTIONS=1";
				SDKROOT = iphoneos;
				VALIDATE_PRODUCT = YES;
			};
			name = Release;
		};
		D49015D41659BC6C000BECBB /* Debug */ = {
			isa = XCBuildConfiguration;
			buildSettings = {
				GCC_PRECOMPILE_PREFIX_HEADER = YES;
				GCC_PREFIX_HEADER = "WebView/WebView-Prefix.pch";
				INFOPLIST_FILE = "WebView/WebView-Info.plist";
				PRODUCT_NAME = "$(TARGET_NAME)";
				WRAPPER_EXTENSION = app;
			};
			name = Debug;
		};
		D49015D51659BC6C000BECBB /* Release */ = {
			isa = XCBuildConfiguration;
			buildSettings = {
				GCC_PRECOMPILE_PREFIX_HEADER = YES;
				GCC_PREFIX_HEADER = "WebView/WebView-Prefix.pch";
				INFOPLIST_FILE = "WebView/WebView-Info.plist";
				PRODUCT_NAME = "$(TARGET_NAME)";
				WRAPPER_EXTENSION = app;
			};
			name = Release;
		};
/* End XCBuildConfiguration section */

/* Begin XCConfigurationList section */
		D49015A91659BC6B000BECBB /* Build configuration list for PBXProject "WebView" */ = {
			isa = XCConfigurationList;
			buildConfigurations = (
				D49015D11659BC6C000BECBB /* Debug */,
				D49015D21659BC6C000BECBB /* Release */,
			);
			defaultConfigurationIsVisible = 0;
			defaultConfigurationName = Release;
		};
		D49015D31659BC6C000BECBB /* Build configuration list for PBXNativeTarget "WebView" */ = {
			isa = XCConfigurationList;
			buildConfigurations = (
				D49015D41659BC6C000BECBB /* Debug */,
				D49015D51659BC6C000BECBB /* Release */,
			);
			defaultConfigurationIsVisible = 0;
		};
/* End XCConfigurationList section */
	};
	rootObject = D49015A61659BC6B000BECBB /* Project object */;
}
