// !$*UTF8*$!
{
	archiveVersion = 1;
	classes = {
	};
	objectVersion = 46;
	objects = {

/* Begin PBXBuildFile section */
		D43FAE97168C1F1500BBBEF3 /* UIKit.framework in Frameworks */ = {isa = PBXBuildFile; fileRef = D43FAE96168C1F1500BBBEF3 /* UIKit.framework */; };
		D43FAE99168C1F1500BBBEF3 /* Foundation.framework in Frameworks */ = {isa = PBXBuildFile; fileRef = D43FAE98168C1F1500BBBEF3 /* Foundation.framework */; };
		D43FAE9B168C1F1500BBBEF3 /* CoreGraphics.framework in Frameworks */ = {isa = PBXBuildFile; fileRef = D43FAE9A168C1F1500BBBEF3 /* CoreGraphics.framework */; };
		D43FAEA1168C1F1500BBBEF3 /* InfoPlist.strings in Resources */ = {isa = PBXBuildFile; fileRef = D43FAE9F168C1F1500BBBEF3 /* InfoPlist.strings */; };
		D43FAEA3168C1F1500BBBEF3 /* main.m in Sources */ = {isa = PBXBuildFile; fileRef = D43FAEA2168C1F1500BBBEF3 /* main.m */; };
		D43FAEA7168C1F1500BBBEF3 /* AppDelegate.m in Sources */ = {isa = PBXBuildFile; fileRef = D43FAEA6168C1F1500BBBEF3 /* AppDelegate.m */; };
		D43FAEA9168C1F1500BBBEF3 /* Default.png in Resources */ = {isa = PBXBuildFile; fileRef = D43FAEA8168C1F1500BBBEF3 /* Default.png */; };
		D43FAEAB168C1F1500BBBEF3 /* Default@2x.png in Resources */ = {isa = PBXBuildFile; fileRef = D43FAEAA168C1F1500BBBEF3 /* Default@2x.png */; };
		D43FAEAD168C1F1500BBBEF3 /* Default-568h@2x.png in Resources */ = {isa = PBXBuildFile; fileRef = D43FAEAC168C1F1500BBBEF3 /* Default-568h@2x.png */; };
		D43FAEB6168C220E00BBBEF3 /* RootViewController.m in Sources */ = {isa = PBXBuildFile; fileRef = D43FAEB4168C220E00BBBEF3 /* RootViewController.m */; };
		D43FAEB7168C220E00BBBEF3 /* RootViewController.xib in Resources */ = {isa = PBXBuildFile; fileRef = D43FAEB5168C220E00BBBEF3 /* RootViewController.xib */; };
		D43FAEBB168C370E00BBBEF3 /* SecondViewController.m in Sources */ = {isa = PBXBuildFile; fileRef = D43FAEB9168C370E00BBBEF3 /* SecondViewController.m */; };
		D43FAEBC168C370E00BBBEF3 /* SecondViewController.xib in Resources */ = {isa = PBXBuildFile; fileRef = D43FAEBA168C370E00BBBEF3 /* SecondViewController.xib */; };
		D43FAEC4168C3F1E00BBBEF3 /* BookViewController.m in Sources */ = {isa = PBXBuildFile; fileRef = D43FAEC2168C3F1D00BBBEF3 /* BookViewController.m */; };
		D43FAEC5168C3F1E00BBBEF3 /* BookViewController.xib in Resources */ = {isa = PBXBuildFile; fileRef = D43FAEC3168C3F1D00BBBEF3 /* BookViewController.xib */; };
/* End PBXBuildFile section */

/* Begin PBXFileReference section */
		D43FAE92168C1F1500BBBEF3 /* UINavigationControllerDemo.app */ = {isa = PBXFileReference; explicitFileType = wrapper.application; includeInIndex = 0; path = UINavigationControllerDemo.app; sourceTree = BUILT_PRODUCTS_DIR; };
		D43FAE96168C1F1500BBBEF3 /* UIKit.framework */ = {isa = PBXFileReference; lastKnownFileType = wrapper.framework; name = UIKit.framework; path = System/Library/Frameworks/UIKit.framework; sourceTree = SDKROOT; };
		D43FAE98168C1F1500BBBEF3 /* Foundation.framework */ = {isa = PBXFileReference; lastKnownFileType = wrapper.framework; name = Foundation.framework; path = System/Library/Frameworks/Foundation.framework; sourceTree = SDKROOT; };
		D43FAE9A168C1F1500BBBEF3 /* CoreGraphics.framework */ = {isa = PBXFileReference; lastKnownFileType = wrapper.framework; name = CoreGraphics.framework; path = System/Library/Frameworks/CoreGraphics.framework; sourceTree = SDKROOT; };
		D43FAE9E168C1F1500BBBEF3 /* UINavigationControllerDemo-Info.plist */ = {isa = PBXFileReference; lastKnownFileType = text.plist.xml; path = "UINavigationControllerDemo-Info.plist"; sourceTree = "<group>"; };
		D43FAEA0168C1F1500BBBEF3 /* en */ = {isa = PBXFileReference; lastKnownFileType = text.plist.strings; name = en; path = en.lproj/InfoPlist.strings; sourceTree = "<group>"; };
		D43FAEA2168C1F1500BBBEF3 /* main.m */ = {isa = PBXFileReference; lastKnownFileType = sourcecode.c.objc; path = main.m; sourceTree = "<group>"; };
		D43FAEA4168C1F1500BBBEF3 /* UINavigationControllerDemo-Prefix.pch */ = {isa = PBXFileReference; lastKnownFileType = sourcecode.c.h; path = "UINavigationControllerDemo-Prefix.pch"; sourceTree = "<group>"; };
		D43FAEA5168C1F1500BBBEF3 /* AppDelegate.h */ = {isa = PBXFileReference; lastKnownFileType = sourcecode.c.h; path = AppDelegate.h; sourceTree = "<group>"; };
		D43FAEA6168C1F1500BBBEF3 /* AppDelegate.m */ = {isa = PBXFileReference; lastKnownFileType = sourcecode.c.objc; path = AppDelegate.m; sourceTree = "<group>"; };
		D43FAEA8168C1F1500BBBEF3 /* Default.png */ = {isa = PBXFileReference; lastKnownFileType = image.png; path = Default.png; sourceTree = "<group>"; };
		D43FAEAA168C1F1500BBBEF3 /* Default@2x.png */ = {isa = PBXFileReference; lastKnownFileType = image.png; path = "Default@2x.png"; sourceTree = "<group>"; };
		D43FAEAC168C1F1500BBBEF3 /* Default-568h@2x.png */ = {isa = PBXFileReference; lastKnownFileType = image.png; path = "Default-568h@2x.png"; sourceTree = "<group>"; };
		D43FAEB3168C220E00BBBEF3 /* RootViewController.h */ = {isa = PBXFileReference; fileEncoding = 4; lastKnownFileType = sourcecode.c.h; path = RootViewController.h; sourceTree = "<group>"; };
		D43FAEB4168C220E00BBBEF3 /* RootViewController.m */ = {isa = PBXFileReference; fileEncoding = 4; lastKnownFileType = sourcecode.c.objc; path = RootViewController.m; sourceTree = "<group>"; };
		D43FAEB5168C220E00BBBEF3 /* RootViewController.xib */ = {isa = PBXFileReference; fileEncoding = 4; lastKnownFileType = file.xib; path = RootViewController.xib; sourceTree = "<group>"; };
		D43FAEB8168C370D00BBBEF3 /* SecondViewController.h */ = {isa = PBXFileReference; fileEncoding = 4; lastKnownFileType = sourcecode.c.h; path = SecondViewController.h; sourceTree = "<group>"; };
		D43FAEB9168C370E00BBBEF3 /* SecondViewController.m */ = {isa = PBXFileReference; fileEncoding = 4; lastKnownFileType = sourcecode.c.objc; path = SecondViewController.m; sourceTree = "<group>"; };
		D43FAEBA168C370E00BBBEF3 /* SecondViewController.xib */ = {isa = PBXFileReference; fileEncoding = 4; lastKnownFileType = file.xib; path = SecondViewController.xib; sourceTree = "<group>"; };
		D43FAEC1168C3F1D00BBBEF3 /* BookViewController.h */ = {isa = PBXFileReference; fileEncoding = 4; lastKnownFileType = sourcecode.c.h; path = BookViewController.h; sourceTree = "<group>"; };
		D43FAEC2168C3F1D00BBBEF3 /* BookViewController.m */ = {isa = PBXFileReference; fileEncoding = 4; lastKnownFileType = sourcecode.c.objc; path = BookViewController.m; sourceTree = "<group>"; };
		D43FAEC3168C3F1D00BBBEF3 /* BookViewController.xib */ = {isa = PBXFileReference; fileEncoding = 4; lastKnownFileType = file.xib; path = BookViewController.xib; sourceTree = "<group>"; };
/* End PBXFileReference section */

/* Begin PBXFrameworksBuildPhase section */
		D43FAE8F168C1F1500BBBEF3 /* Frameworks */ = {
			isa = PBXFrameworksBuildPhase;
			buildActionMask = 2147483647;
			files = (
				D43FAE97168C1F1500BBBEF3 /* UIKit.framework in Frameworks */,
				D43FAE99168C1F1500BBBEF3 /* Foundation.framework in Frameworks */,
				D43FAE9B168C1F1500BBBEF3 /* CoreGraphics.framework in Frameworks */,
			);
			runOnlyForDeploymentPostprocessing = 0;
		};
/* End PBXFrameworksBuildPhase section */

/* Begin PBXGroup section */
		D43FAE87168C1F1500BBBEF3 = {
			isa = PBXGroup;
			children = (
				D43FAE9C168C1F1500BBBEF3 /* UINavigationControllerDemo */,
				D43FAE95168C1F1500BBBEF3 /* Frameworks */,
				D43FAE93168C1F1500BBBEF3 /* Products */,
			);
			sourceTree = "<group>";
		};
		D43FAE93168C1F1500BBBEF3 /* Products */ = {
			isa = PBXGroup;
			children = (
				D43FAE92168C1F1500BBBEF3 /* UINavigationControllerDemo.app */,
			);
			name = Products;
			sourceTree = "<group>";
		};
		D43FAE95168C1F1500BBBEF3 /* Frameworks */ = {
			isa = PBXGroup;
			children = (
				D43FAE96168C1F1500BBBEF3 /* UIKit.framework */,
				D43FAE98168C1F1500BBBEF3 /* Foundation.framework */,
				D43FAE9A168C1F1500BBBEF3 /* CoreGraphics.framework */,
			);
			name = Frameworks;
			sourceTree = "<group>";
		};
		D43FAE9C168C1F1500BBBEF3 /* UINavigationControllerDemo */ = {
			isa = PBXGroup;
			children = (
				D43FAEA5168C1F1500BBBEF3 /* AppDelegate.h */,
				D43FAEB3168C220E00BBBEF3 /* RootViewController.h */,
				D43FAEB4168C220E00BBBEF3 /* RootViewController.m */,
				D43FAEB5168C220E00BBBEF3 /* RootViewController.xib */,
				D43FAEA6168C1F1500BBBEF3 /* AppDelegate.m */,
				D43FAEB8168C370D00BBBEF3 /* SecondViewController.h */,
				D43FAEB9168C370E00BBBEF3 /* SecondViewController.m */,
				D43FAEBA168C370E00BBBEF3 /* SecondViewController.xib */,
				D43FAEC1168C3F1D00BBBEF3 /* BookViewController.h */,
				D43FAEC2168C3F1D00BBBEF3 /* BookViewController.m */,
				D43FAEC3168C3F1D00BBBEF3 /* BookViewController.xib */,
				D43FAE9D168C1F1500BBBEF3 /* Supporting Files */,
			);
			path = UINavigationControllerDemo;
			sourceTree = "<group>";
		};
		D43FAE9D168C1F1500BBBEF3 /* Supporting Files */ = {
			isa = PBXGroup;
			children = (
				D43FAE9E168C1F1500BBBEF3 /* UINavigationControllerDemo-Info.plist */,
				D43FAE9F168C1F1500BBBEF3 /* InfoPlist.strings */,
				D43FAEA2168C1F1500BBBEF3 /* main.m */,
				D43FAEA4168C1F1500BBBEF3 /* UINavigationControllerDemo-Prefix.pch */,
				D43FAEA8168C1F1500BBBEF3 /* Default.png */,
				D43FAEAA168C1F1500BBBEF3 /* Default@2x.png */,
				D43FAEAC168C1F1500BBBEF3 /* Default-568h@2x.png */,
			);
			name = "Supporting Files";
			sourceTree = "<group>";
		};
/* End PBXGroup section */

/* Begin PBXNativeTarget section */
		D43FAE91168C1F1500BBBEF3 /* UINavigationControllerDemo */ = {
			isa = PBXNativeTarget;
			buildConfigurationList = D43FAEB0168C1F1500BBBEF3 /* Build configuration list for PBXNativeTarget "UINavigationControllerDemo" */;
			buildPhases = (
				D43FAE8E168C1F1500BBBEF3 /* Sources */,
				D43FAE8F168C1F1500BBBEF3 /* Frameworks */,
				D43FAE90168C1F1500BBBEF3 /* Resources */,
			);
			buildRules = (
			);
			dependencies = (
			);
			name = UINavigationControllerDemo;
			productName = UINavigationControllerDemo;
			productReference = D43FAE92168C1F1500BBBEF3 /* UINavigationControllerDemo.app */;
			productType = "com.apple.product-type.application";
		};
/* End PBXNativeTarget section */

/* Begin PBXProject section */
		D43FAE89168C1F1500BBBEF3 /* Project object */ = {
			isa = PBXProject;
			attributes = {
				LastUpgradeCheck = 0450;
				ORGANIZATIONNAME = skyler;
			};
			buildConfigurationList = D43FAE8C168C1F1500BBBEF3 /* Build configuration list for PBXProject "UINavigationControllerDemo" */;
			compatibilityVersion = "Xcode 3.2";
			developmentRegion = English;
			hasScannedForEncodings = 0;
			knownRegions = (
				en,
			);
			mainGroup = D43FAE87168C1F1500BBBEF3;
			productRefGroup = D43FAE93168C1F1500BBBEF3 /* Products */;
			projectDirPath = "";
			projectRoot = "";
			targets = (
				D43FAE91168C1F1500BBBEF3 /* UINavigationControllerDemo */,
			);
		};
/* End PBXProject section */

/* Begin PBXResourcesBuildPhase section */
		D43FAE90168C1F1500BBBEF3 /* Resources */ = {
			isa = PBXResourcesBuildPhase;
			buildActionMask = 2147483647;
			files = (
				D43FAEA1168C1F1500BBBEF3 /* InfoPlist.strings in Resources */,
				D43FAEA9168C1F1500BBBEF3 /* Default.png in Resources */,
				D43FAEAB168C1F1500BBBEF3 /* Default@2x.png in Resources */,
				D43FAEAD168C1F1500BBBEF3 /* Default-568h@2x.png in Resources */,
				D43FAEB7168C220E00BBBEF3 /* RootViewController.xib in Resources */,
				D43FAEBC168C370E00BBBEF3 /* SecondViewController.xib in Resources */,
				D43FAEC5168C3F1E00BBBEF3 /* BookViewController.xib in Resources */,
			);
			runOnlyForDeploymentPostprocessing = 0;
		};
/* End PBXResourcesBuildPhase section */

/* Begin PBXSourcesBuildPhase section */
		D43FAE8E168C1F1500BBBEF3 /* Sources */ = {
			isa = PBXSourcesBuildPhase;
			buildActionMask = 2147483647;
			files = (
				D43FAEA3168C1F1500BBBEF3 /* main.m in Sources */,
				D43FAEA7168C1F1500BBBEF3 /* AppDelegate.m in Sources */,
				D43FAEB6168C220E00BBBEF3 /* RootViewController.m in Sources */,
				D43FAEBB168C370E00BBBEF3 /* SecondViewController.m in Sources */,
				D43FAEC4168C3F1E00BBBEF3 /* BookViewController.m in Sources */,
			);
			runOnlyForDeploymentPostprocessing = 0;
		};
/* End PBXSourcesBuildPhase section */

/* Begin PBXVariantGroup section */
		D43FAE9F168C1F1500BBBEF3 /* InfoPlist.strings */ = {
			isa = PBXVariantGroup;
			children = (
				D43FAEA0168C1F1500BBBEF3 /* en */,
			);
			name = InfoPlist.strings;
			sourceTree = "<group>";
		};
/* End PBXVariantGroup section */

/* Begin XCBuildConfiguration section */
		D43FAEAE168C1F1500BBBEF3 /* Debug */ = {
			isa = XCBuildConfiguration;
			buildSettings = {
				ALWAYS_SEARCH_USER_PATHS = NO;
				CLANG_CXX_LANGUAGE_STANDARD = "gnu++0x";
				CLANG_CXX_LIBRARY = "libc++";
				CLANG_ENABLE_OBJC_ARC = YES;
				CLANG_WARN_EMPTY_BODY = YES;
				CLANG_WARN__DUPLICATE_METHOD_MATCH = YES;
				"CODE_SIGN_IDENTITY[sdk=iphoneos*]" = "iPhone Developer";
				COPY_PHASE_STRIP = NO;
				GCC_C_LANGUAGE_STANDARD = gnu99;
				GCC_DYNAMIC_NO_PIC = NO;
				GCC_OPTIMIZATION_LEVEL = 0;
				GCC_PREPROCESSOR_DEFINITIONS = (
					"DEBUG=1",
					"$(inherited)",
				);
				GCC_SYMBOLS_PRIVATE_EXTERN = NO;
				GCC_WARN_ABOUT_RETURN_TYPE = YES;
				GCC_WARN_UNINITIALIZED_AUTOS = YES;
				GCC_WARN_UNUSED_VARIABLE = YES;
				IPHONEOS_DEPLOYMENT_TARGET = 6.0;
				ONLY_ACTIVE_ARCH = YES;
				SDKROOT = iphoneos;
			};
			name = Debug;
		};
		D43FAEAF168C1F1500BBBEF3 /* Release */ = {
			isa = XCBuildConfiguration;
			buildSettings = {
				ALWAYS_SEARCH_USER_PATHS = NO;
				CLANG_CXX_LANGUAGE_STANDARD = "gnu++0x";
				CLANG_CXX_LIBRARY = "libc++";
				CLANG_ENABLE_OBJC_ARC = YES;
				CLANG_WARN_EMPTY_BODY = YES;
				CLANG_WARN__DUPLICATE_METHOD_MATCH = YES;
				"CODE_SIGN_IDENTITY[sdk=iphoneos*]" = "iPhone Developer";
				COPY_PHASE_STRIP = YES;
				GCC_C_LANGUAGE_STANDARD = gnu99;
				GCC_WARN_ABOUT_RETURN_TYPE = YES;
				GCC_WARN_UNINITIALIZED_AUTOS = YES;
				GCC_WARN_UNUSED_VARIABLE = YES;
				IPHONEOS_DEPLOYMENT_TARGET = 6.0;
				OTHER_CFLAGS = "-DNS_BLOCK_ASSERTIONS=1";
				SDKROOT = iphoneos;
				VALIDATE_PRODUCT = YES;
			};
			name = Release;
		};
		D43FAEB1168C1F1500BBBEF3 /* Debug */ = {
			isa = XCBuildConfiguration;
			buildSettings = {
				GCC_PRECOMPILE_PREFIX_HEADER = YES;
				GCC_PREFIX_HEADER = "UINavigationControllerDemo/UINavigationControllerDemo-Prefix.pch";
				INFOPLIST_FILE = "UINavigationControllerDemo/UINavigationControllerDemo-Info.plist";
				PRODUCT_NAME = "$(TARGET_NAME)";
				WRAPPER_EXTENSION = app;
			};
			name = Debug;
		};
		D43FAEB2168C1F1500BBBEF3 /* Release */ = {
			isa = XCBuildConfiguration;
			buildSettings = {
				GCC_PRECOMPILE_PREFIX_HEADER = YES;
				GCC_PREFIX_HEADER = "UINavigationControllerDemo/UINavigationControllerDemo-Prefix.pch";
				INFOPLIST_FILE = "UINavigationControllerDemo/UINavigationControllerDemo-Info.plist";
				PRODUCT_NAME = "$(TARGET_NAME)";
				WRAPPER_EXTENSION = app;
			};
			name = Release;
		};
/* End XCBuildConfiguration section */

/* Begin XCConfigurationList section */
		D43FAE8C168C1F1500BBBEF3 /* Build configuration list for PBXProject "UINavigationControllerDemo" */ = {
			isa = XCConfigurationList;
			buildConfigurations = (
				D43FAEAE168C1F1500BBBEF3 /* Debug */,
				D43FAEAF168C1F1500BBBEF3 /* Release */,
			);
			defaultConfigurationIsVisible = 0;
			defaultConfigurationName = Release;
		};
		D43FAEB0168C1F1500BBBEF3 /* Build configuration list for PBXNativeTarget "UINavigationControllerDemo" */ = {
			isa = XCConfigurationList;
			buildConfigurations = (
				D43FAEB1168C1F1500BBBEF3 /* Debug */,
				D43FAEB2168C1F1500BBBEF3 /* Release */,
			);
			defaultConfigurationIsVisible = 0;
		};
/* End XCConfigurationList section */
	};
	rootObject = D43FAE89168C1F1500BBBEF3 /* Project object */;
}
